
Microsoft Visual Studio Solution File, Format Version 12.00
# Visual Studio Version 16
VisualStudioVersion = 16.0.31229.75
MinimumVisualStudioVersion = 10.0.40219.1
Project("{FAE04EC0-301F-11D3-BF4B-00C04F79EFBC}") = "Homework2", "Homework2\Homework2.csproj", "{ED8F876C-01FB-41FB-A162-A3E7FD710649}"
EndProject
Global
	GlobalSection(SolutionConfigurationPlatforms) = preSolution
		Debug|Any CPU = Debug|Any CPU
		Release|Any CPU = Release|Any CPU
	EndGlobalSection
	GlobalSection(ProjectConfigurationPlatforms) = postSolution
		{ED8F876C-01FB-41FB-A162-A3E7FD710649}.Debug|Any CPU.ActiveCfg = Debug|Any CPU
		{ED8F876C-01FB-41FB-A162-A3E7FD710649}.Debug|Any CPU.Build.0 = Debug|Any CPU
		{ED8F876C-01FB-41FB-A162-A3E7FD710649}.Release|Any CPU.ActiveCfg = Release|Any CPU
		{ED8F876C-01FB-41FB-A162-A3E7FD710649}.Release|Any CPU.Build.0 = Release|Any CPU
	EndGlobalSection
	GlobalSection(SolutionProperties) = preSolution
		HideSolutionNode = FALSE
	EndGlobalSection
	GlobalSection(ExtensibilityGlobals) = postSolution
		SolutionGuid = {7F7052D7-C146-4D55-A50C-D10F222EA14A}
	EndGlobalSection
EndGlobal
